{
  "projects": [
    {
      "projectId": "9Vr5YWkf3w7jj6SsTcCEta",
      "version": "0.16.0",
      "dependencies": {},
      "lang": "ts",
      "fileLocks": [
        {
          "assetId": "9Vr5YWkf3w7jj6SsTcCEta",
          "type": "projectCss",
          "checksum": "1c02168c6b23256606111fdfdbb63549"
        }
      ],
      "codegenVersion": "0.0.1"
    },
    {
      "projectId": "jkU633o1Cz7HrJdwdxhVHk",
      "version": "16.16.0",
      "dependencies": {},
      "lang": "ts",
      "fileLocks": [
        {
          "assetId": "jkU633o1Cz7HrJdwdxhVHk",
          "type": "projectCss",
          "checksum": "cf57d229ecea50678d9d8d3bc0e3dd9b"
        }
      ],
      "codegenVersion": "0.0.1"
    },
    {
      "projectId": "ohDidvG9XsCeFumugENU3J",
      "version": "6.32.0",
      "dependencies": {},
      "lang": "ts",
      "fileLocks": [
        {
          "assetId": "ohDidvG9XsCeFumugENU3J",
          "type": "projectCss",
          "checksum": "ba2a60a163fca4f4d510275088a2be53"
        },
        {
          "assetId": "ohDidvG9XsCeFumugENU3J",
          "checksum": "f9cc098ce5640eefe7d9edb8470a210c",
          "type": "globalContexts"
        }
      ],
      "codegenVersion": "0.0.1"
    },
    {
      "projectId": "eUWdV5eJo6P7BtbJvsakNP",
      "version": "latest",
      "dependencies": {
        "ohDidvG9XsCeFumugENU3J": "6.32.0",
        "jkU633o1Cz7HrJdwdxhVHk": "16.16.0",
        "9Vr5YWkf3w7jj6SsTcCEta": "0.16.0"
      },
      "lang": "ts",
      "fileLocks": [
        {
          "type": "globalVariant",
          "assetId": "nbm5RF7Gjq1D",
          "checksum": "bda2450b45196abd261d0d48f485cdc6"
        },
        {
          "assetId": "eUWdV5eJo6P7BtbJvsakNP",
          "checksum": "00f9c276b18f88cc696b97a405ec09df",
          "type": "globalContexts"
        },
        {
          "type": "renderModule",
          "assetId": "Kgl2k186IT3f",
          "checksum": "0d5b0d076e6d95d39f45cd926437b2a3"
        },
        {
          "type": "cssRules",
          "assetId": "Kgl2k186IT3f",
          "checksum": "0d5b0d076e6d95d39f45cd926437b2a3"
        },
        {
          "type": "renderModule",
          "assetId": "HWOGL5yeaEjU",
          "checksum": "e52994888c0ffd8da47aee0ea162e0fc"
        },
        {
          "type": "cssRules",
          "assetId": "HWOGL5yeaEjU",
          "checksum": "e52994888c0ffd8da47aee0ea162e0fc"
        },
        {
          "type": "icon",
          "assetId": "6sZShp3SS0-C",
          "checksum": "a94872b3edcd1698287b46f8dbdda197"
        },
        {
          "type": "icon",
          "assetId": "ikd8690I7PHP",
          "checksum": "ac9f8c7e30a52a0fffe0d2cc74028fe8"
        },
        {
          "assetId": "eUWdV5eJo6P7BtbJvsakNP",
          "type": "projectCss",
          "checksum": "5b344d9536dd9915bc33c85b761de347"
        }
      ],
      "codegenVersion": "0.0.1"
    }
  ],
  "cliVersion": "0.1.340"
}
